{
  "originHash" : "1af23a1bf574f0d95a78247871a5978438d9088e944f9fdcf715fc8e7ff8d705",
  "pins" : [
    {
      "identity" : "kmp-nativecoroutines",
      "kind" : "remoteSourceControl",
      "location" : "https://github.com/rickclephas/KMP-NativeCoroutines.git",
      "state" : {
        "branch" : "master",
        "revision" : "1e9f1cda8fa819e96b22fb14b48f238b3ad8bc4d"
      }
    },
    {
      "identity" : "kmp-observableviewmodel",
      "kind" : "remoteSourceControl",
      "location" : "https://github.com/rickclephas/KMP-ObservableViewModel.git",
      "state" : {
        "branch" : "master",
        "revision" : "241cbdb7278bbd21d46646650a3fed7a500fe97c"
      }
    },
    {
      "identity" : "rxswift",
      "kind" : "remoteSourceControl",
      "location" : "https://github.com/ReactiveX/RxSwift.git",
      "state" : {
        "revision" : "b06a8c8596e4c3e8e7788e08e720e3248563ce6a",
        "version" : "6.7.1"
      }
    }
  ],
  "version" : 3
}
